
Microsoft Visual Studio Solution File, Format Version 12.00
# Visual Studio Version 17
VisualStudioVersion = 17.3.32901.215
MinimumVisualStudioVersion = 10.0.40219.1
Project("{FAE04EC0-301F-11D3-BF4B-00C04F79EFBC}") = "Core", "Core\Core.csproj", "{12A10551-665A-4992-A0DC-5207C0AB4976}"
EndProject
Global
	GlobalSection(SolutionConfigurationPlatforms) = preSolution
		Debug|Any CPU = Debug|Any CPU
		Release|Any CPU = Release|Any CPU
	EndGlobalSection
	GlobalSection(ProjectConfigurationPlatforms) = postSolution
		{12A10551-665A-4992-A0DC-5207C0AB4976}.Debug|Any CPU.ActiveCfg = Debug|Any CPU
		{12A10551-665A-4992-A0DC-5207C0AB4976}.Debug|Any CPU.Build.0 = Debug|Any CPU
		{12A10551-665A-4992-A0DC-5207C0AB4976}.Release|Any CPU.ActiveCfg = Release|Any CPU
		{12A10551-665A-4992-A0DC-5207C0AB4976}.Release|Any CPU.Build.0 = Release|Any CPU
	EndGlobalSection
	GlobalSection(SolutionProperties) = preSolution
		HideSolutionNode = FALSE
	EndGlobalSection
	GlobalSection(ExtensibilityGlobals) = postSolution
		SolutionGuid = {26406D95-C8D1-4E46-B79D-42D7CEFBC7A9}
	EndGlobalSection
EndGlobal
